
Microsoft Visual Studio Solution File, Format Version 12.00
# Visual Studio Version 17
VisualStudioVersion = 17.0.32014.148
MinimumVisualStudioVersion = 10.0.40219.1
Project("{FAE04EC0-301F-11D3-BF4B-00C04F79EFBC}") = "codebuild", "codebuild\codebuild.csproj", "{FCEA0007-B44B-4BD9-A888-472A7225F218}"
EndProject
Global
	GlobalSection(SolutionConfigurationPlatforms) = preSolution
		Debug|Any CPU = Debug|Any CPU
		Release|Any CPU = Release|Any CPU
	EndGlobalSection
	GlobalSection(ProjectConfigurationPlatforms) = postSolution
		{FCEA0007-B44B-4BD9-A888-472A7225F218}.Debug|Any CPU.ActiveCfg = Debug|Any CPU
		{FCEA0007-B44B-4BD9-A888-472A7225F218}.Debug|Any CPU.Build.0 = Debug|Any CPU
		{FCEA0007-B44B-4BD9-A888-472A7225F218}.Release|Any CPU.ActiveCfg = Release|Any CPU
		{FCEA0007-B44B-4BD9-A888-472A7225F218}.Release|Any CPU.Build.0 = Release|Any CPU
	EndGlobalSection
	GlobalSection(SolutionProperties) = preSolution
		HideSolutionNode = FALSE
	EndGlobalSection
	GlobalSection(ExtensibilityGlobals) = postSolution
		SolutionGuid = {A9E2A011-1CF8-477C-8807-E6C9E7D5F6C5}
	EndGlobalSection
EndGlobal
